// !$*UTF8*$!
{
	archiveVersion = 1;
	classes = {
	};
	objectVersion = 55;
	objects = {

/* Begin PBXBuildFile section */
		3217A782293539270060CADE /* AppDelegate.swift in Sources */ = {isa = PBXBuildFile; fileRef = 3217A781293539270060CADE /* AppDelegate.swift */; };
		3217A784293539270060CADE /* SceneDelegate.swift in Sources */ = {isa = PBXBuildFile; fileRef = 3217A783293539270060CADE /* SceneDelegate.swift */; };
		3217A786293539270060CADE /* HomeViewController.swift in Sources */ = {isa = PBXBuildFile; fileRef = 3217A785293539270060CADE /* HomeViewController.swift */; };
		3217A789293539270060CADE /* Main.storyboard in Resources */ = {isa = PBXBuildFile; fileRef = 3217A787293539270060CADE /* Main.storyboard */; };
		3217A78B293539290060CADE /* Assets.xcassets in Resources */ = {isa = PBXBuildFile; fileRef = 3217A78A293539290060CADE /* Assets.xcassets */; };
		3217A78E293539290060CADE /* LaunchScreen.storyboard in Resources */ = {isa = PBXBuildFile; fileRef = 3217A78C293539290060CADE /* LaunchScreen.storyboard */; };
		3217A7992935392A0060CADE /* InstagramCloneTests.swift in Sources */ = {isa = PBXBuildFile; fileRef = 3217A7982935392A0060CADE /* InstagramCloneTests.swift */; };
		3217A7A32935392A0060CADE /* InstagramCloneUITests.swift in Sources */ = {isa = PBXBuildFile; fileRef = 3217A7A22935392A0060CADE /* InstagramCloneUITests.swift */; };
		3217A7A52935392A0060CADE /* InstagramCloneUITestsLaunchTests.swift in Sources */ = {isa = PBXBuildFile; fileRef = 3217A7A42935392A0060CADE /* InstagramCloneUITestsLaunchTests.swift */; };
		3217A7B729353AF80060CADE /* ExploreViewController.swift in Sources */ = {isa = PBXBuildFile; fileRef = 3217A7B629353AF70060CADE /* ExploreViewController.swift */; };
		3217A7B929353B060060CADE /* CameraViewController.swift in Sources */ = {isa = PBXBuildFile; fileRef = 3217A7B829353B060060CADE /* CameraViewController.swift */; };
		3217A7BB29353D2D0060CADE /* NotificationsViewController.swift in Sources */ = {isa = PBXBuildFile; fileRef = 3217A7BA29353D2D0060CADE /* NotificationsViewController.swift */; };
		3217A7BD29353D440060CADE /* ProfileViewController.swift in Sources */ = {isa = PBXBuildFile; fileRef = 3217A7BC29353D440060CADE /* ProfileViewController.swift */; };
		3217A7C229353E950060CADE /* LoginViewController.swift in Sources */ = {isa = PBXBuildFile; fileRef = 3217A7C129353E950060CADE /* LoginViewController.swift */; };
		3217A7C429353EA20060CADE /* RegistrationViewController.swift in Sources */ = {isa = PBXBuildFile; fileRef = 3217A7C329353EA20060CADE /* RegistrationViewController.swift */; };
		3217A7C629353F2F0060CADE /* PostViewController.swift in Sources */ = {isa = PBXBuildFile; fileRef = 3217A7C529353F2F0060CADE /* PostViewController.swift */; };
		3217A7C829353F4F0060CADE /* EditProfileViewController.swift in Sources */ = {isa = PBXBuildFile; fileRef = 3217A7C729353F4F0060CADE /* EditProfileViewController.swift */; };
		3217A7CA29353F5E0060CADE /* SettingsViewController.swift in Sources */ = {isa = PBXBuildFile; fileRef = 3217A7C929353F5E0060CADE /* SettingsViewController.swift */; };
		3217A7CC29353F840060CADE /* ListViewController.swift in Sources */ = {isa = PBXBuildFile; fileRef = 3217A7CB29353F840060CADE /* ListViewController.swift */; };
		3217A7CE29353FA70060CADE /* SearchViewController.swift in Sources */ = {isa = PBXBuildFile; fileRef = 3217A7CD29353FA70060CADE /* SearchViewController.swift */; };
		3217A7D029353FCB0060CADE /* SearchResultViewController.swift in Sources */ = {isa = PBXBuildFile; fileRef = 3217A7CF29353FCB0060CADE /* SearchResultViewController.swift */; };
		3217A7D2293540370060CADE /* PostEditorViewController.swift in Sources */ = {isa = PBXBuildFile; fileRef = 3217A7D1293540370060CADE /* PostEditorViewController.swift */; };
		3217A7D4293540560060CADE /* PublishPostViewController.swift in Sources */ = {isa = PBXBuildFile; fileRef = 3217A7D3293540560060CADE /* PublishPostViewController.swift */; };
/* End PBXBuildFile section */

/* Begin PBXContainerItemProxy section */
		3217A7952935392A0060CADE /* PBXContainerItemProxy */ = {
			isa = PBXContainerItemProxy;
			containerPortal = 3217A776293539270060CADE /* Project object */;
			proxyType = 1;
			remoteGlobalIDString = 3217A77D293539270060CADE;
			remoteInfo = InstagramClone;
		};
		3217A79F2935392A0060CADE /* PBXContainerItemProxy */ = {
			isa = PBXContainerItemProxy;
			containerPortal = 3217A776293539270060CADE /* Project object */;
			proxyType = 1;
			remoteGlobalIDString = 3217A77D293539270060CADE;
			remoteInfo = InstagramClone;
		};
/* End PBXContainerItemProxy section */

/* Begin PBXFileReference section */
		3217A77E293539270060CADE /* InstagramClone.app */ = {isa = PBXFileReference; explicitFileType = wrapper.application; includeInIndex = 0; path = InstagramClone.app; sourceTree = BUILT_PRODUCTS_DIR; };
		3217A781293539270060CADE /* AppDelegate.swift */ = {isa = PBXFileReference; lastKnownFileType = sourcecode.swift; path = AppDelegate.swift; sourceTree = "<group>"; };
		3217A783293539270060CADE /* SceneDelegate.swift */ = {isa = PBXFileReference; lastKnownFileType = sourcecode.swift; path = SceneDelegate.swift; sourceTree = "<group>"; };
		3217A785293539270060CADE /* HomeViewController.swift */ = {isa = PBXFileReference; lastKnownFileType = sourcecode.swift; path = HomeViewController.swift; sourceTree = "<group>"; };
		3217A788293539270060CADE /* Base */ = {isa = PBXFileReference; lastKnownFileType = file.storyboard; name = Base; path = Base.lproj/Main.storyboard; sourceTree = "<group>"; };
		3217A78A293539290060CADE /* Assets.xcassets */ = {isa = PBXFileReference; lastKnownFileType = folder.assetcatalog; path = Assets.xcassets; sourceTree = "<group>"; };
		3217A78D293539290060CADE /* Base */ = {isa = PBXFileReference; lastKnownFileType = file.storyboard; name = Base; path = Base.lproj/LaunchScreen.storyboard; sourceTree = "<group>"; };
		3217A78F293539290060CADE /* Info.plist */ = {isa = PBXFileReference; lastKnownFileType = text.plist.xml; path = Info.plist; sourceTree = "<group>"; };
		3217A7942935392A0060CADE /* InstagramCloneTests.xctest */ = {isa = PBXFileReference; explicitFileType = wrapper.cfbundle; includeInIndex = 0; path = InstagramCloneTests.xctest; sourceTree = BUILT_PRODUCTS_DIR; };
		3217A7982935392A0060CADE /* InstagramCloneTests.swift */ = {isa = PBXFileReference; lastKnownFileType = sourcecode.swift; path = InstagramCloneTests.swift; sourceTree = "<group>"; };
		3217A79E2935392A0060CADE /* InstagramCloneUITests.xctest */ = {isa = PBXFileReference; explicitFileType = wrapper.cfbundle; includeInIndex = 0; path = InstagramCloneUITests.xctest; sourceTree = BUILT_PRODUCTS_DIR; };
		3217A7A22935392A0060CADE /* InstagramCloneUITests.swift */ = {isa = PBXFileReference; lastKnownFileType = sourcecode.swift; path = InstagramCloneUITests.swift; sourceTree = "<group>"; };
		3217A7A42935392A0060CADE /* InstagramCloneUITestsLaunchTests.swift */ = {isa = PBXFileReference; lastKnownFileType = sourcecode.swift; path = InstagramCloneUITestsLaunchTests.swift; sourceTree = "<group>"; };
		3217A7B629353AF70060CADE /* ExploreViewController.swift */ = {isa = PBXFileReference; lastKnownFileType = sourcecode.swift; path = ExploreViewController.swift; sourceTree = "<group>"; };
		3217A7B829353B060060CADE /* CameraViewController.swift */ = {isa = PBXFileReference; lastKnownFileType = sourcecode.swift; path = CameraViewController.swift; sourceTree = "<group>"; };
		3217A7BA29353D2D0060CADE /* NotificationsViewController.swift */ = {isa = PBXFileReference; lastKnownFileType = sourcecode.swift; path = NotificationsViewController.swift; sourceTree = "<group>"; };
		3217A7BC29353D440060CADE /* ProfileViewController.swift */ = {isa = PBXFileReference; lastKnownFileType = sourcecode.swift; path = ProfileViewController.swift; sourceTree = "<group>"; };
		3217A7C129353E950060CADE /* LoginViewController.swift */ = {isa = PBXFileReference; lastKnownFileType = sourcecode.swift; path = LoginViewController.swift; sourceTree = "<group>"; };
		3217A7C329353EA20060CADE /* RegistrationViewController.swift */ = {isa = PBXFileReference; lastKnownFileType = sourcecode.swift; path = RegistrationViewController.swift; sourceTree = "<group>"; };
		3217A7C529353F2F0060CADE /* PostViewController.swift */ = {isa = PBXFileReference; lastKnownFileType = sourcecode.swift; path = PostViewController.swift; sourceTree = "<group>"; };
		3217A7C729353F4F0060CADE /* EditProfileViewController.swift */ = {isa = PBXFileReference; lastKnownFileType = sourcecode.swift; path = EditProfileViewController.swift; sourceTree = "<group>"; };
		3217A7C929353F5E0060CADE /* SettingsViewController.swift */ = {isa = PBXFileReference; lastKnownFileType = sourcecode.swift; path = SettingsViewController.swift; sourceTree = "<group>"; };
		3217A7CB29353F840060CADE /* ListViewController.swift */ = {isa = PBXFileReference; lastKnownFileType = sourcecode.swift; path = ListViewController.swift; sourceTree = "<group>"; };
		3217A7CD29353FA70060CADE /* SearchViewController.swift */ = {isa = PBXFileReference; lastKnownFileType = sourcecode.swift; path = SearchViewController.swift; sourceTree = "<group>"; };
		3217A7CF29353FCB0060CADE /* SearchResultViewController.swift */ = {isa = PBXFileReference; lastKnownFileType = sourcecode.swift; path = SearchResultViewController.swift; sourceTree = "<group>"; };
		3217A7D1293540370060CADE /* PostEditorViewController.swift */ = {isa = PBXFileReference; lastKnownFileType = sourcecode.swift; path = PostEditorViewController.swift; sourceTree = "<group>"; };
		3217A7D3293540560060CADE /* PublishPostViewController.swift */ = {isa = PBXFileReference; lastKnownFileType = sourcecode.swift; path = PublishPostViewController.swift; sourceTree = "<group>"; };
/* End PBXFileReference section */

/* Begin PBXFrameworksBuildPhase section */
		3217A77B293539270060CADE /* Frameworks */ = {
			isa = PBXFrameworksBuildPhase;
			buildActionMask = 2147483647;
			files = (
			);
			runOnlyForDeploymentPostprocessing = 0;
		};
		3217A7912935392A0060CADE /* Frameworks */ = {
			isa = PBXFrameworksBuildPhase;
			buildActionMask = 2147483647;
			files = (
			);
			runOnlyForDeploymentPostprocessing = 0;
		};
		3217A79B2935392A0060CADE /* Frameworks */ = {
			isa = PBXFrameworksBuildPhase;
			buildActionMask = 2147483647;
			files = (
			);
			runOnlyForDeploymentPostprocessing = 0;
		};
/* End PBXFrameworksBuildPhase section */

/* Begin PBXGroup section */
		3217A775293539270060CADE = {
			isa = PBXGroup;
			children = (
				3217A780293539270060CADE /* InstagramClone */,
				3217A7972935392A0060CADE /* InstagramCloneTests */,
				3217A7A12935392A0060CADE /* InstagramCloneUITests */,
				3217A77F293539270060CADE /* Products */,
			);
			sourceTree = "<group>";
		};
		3217A77F293539270060CADE /* Products */ = {
			isa = PBXGroup;
			children = (
				3217A77E293539270060CADE /* InstagramClone.app */,
				3217A7942935392A0060CADE /* InstagramCloneTests.xctest */,
				3217A79E2935392A0060CADE /* InstagramCloneUITests.xctest */,
			);
			name = Products;
			sourceTree = "<group>";
		};
		3217A780293539270060CADE /* InstagramClone */ = {
			isa = PBXGroup;
			children = (
				3217A7B42935395A0060CADE /* Views */,
				3217A7B3293539500060CADE /* Controllers */,
				3217A7B22935394A0060CADE /* Models */,
				3217A7B1293539410060CADE /* Resources */,
				3217A7B52935396D0060CADE /* Storyboards */,
				3217A78A293539290060CADE /* Assets.xcassets */,
				3217A78F293539290060CADE /* Info.plist */,
			);
			path = InstagramClone;
			sourceTree = "<group>";
		};
		3217A7972935392A0060CADE /* InstagramCloneTests */ = {
			isa = PBXGroup;
			children = (
				3217A7982935392A0060CADE /* InstagramCloneTests.swift */,
			);
			path = InstagramCloneTests;
			sourceTree = "<group>";
		};
		3217A7A12935392A0060CADE /* InstagramCloneUITests */ = {
			isa = PBXGroup;
			children = (
				3217A7A22935392A0060CADE /* InstagramCloneUITests.swift */,
				3217A7A42935392A0060CADE /* InstagramCloneUITestsLaunchTests.swift */,
			);
			path = InstagramCloneUITests;
			sourceTree = "<group>";
		};
		3217A7B1293539410060CADE /* Resources */ = {
			isa = PBXGroup;
			children = (
				3217A781293539270060CADE /* AppDelegate.swift */,
				3217A783293539270060CADE /* SceneDelegate.swift */,
			);
			path = Resources;
			sourceTree = "<group>";
		};
		3217A7B22935394A0060CADE /* Models */ = {
			isa = PBXGroup;
			children = (
			);
			path = Models;
			sourceTree = "<group>";
		};
		3217A7B3293539500060CADE /* Controllers */ = {
			isa = PBXGroup;
			children = (
				3217A7BF29353E790060CADE /* Other */,
				3217A7BE29353D6E0060CADE /* Core Tabs */,
			);
			path = Controllers;
			sourceTree = "<group>";
		};
		3217A7B42935395A0060CADE /* Views */ = {
			isa = PBXGroup;
			children = (
			);
			path = Views;
			sourceTree = "<group>";
		};
		3217A7B52935396D0060CADE /* Storyboards */ = {
			isa = PBXGroup;
			children = (
				3217A787293539270060CADE /* Main.storyboard */,
				3217A78C293539290060CADE /* LaunchScreen.storyboard */,
			);
			path = Storyboards;
			sourceTree = "<group>";
		};
		3217A7BE29353D6E0060CADE /* Core Tabs */ = {
			isa = PBXGroup;
			children = (
				3217A785293539270060CADE /* HomeViewController.swift */,
				3217A7B629353AF70060CADE /* ExploreViewController.swift */,
				3217A7B829353B060060CADE /* CameraViewController.swift */,
				3217A7BA29353D2D0060CADE /* NotificationsViewController.swift */,
				3217A7BC29353D440060CADE /* ProfileViewController.swift */,
			);
			path = "Core Tabs";
			sourceTree = "<group>";
		};
		3217A7BF29353E790060CADE /* Other */ = {
			isa = PBXGroup;
			children = (
				3217A7C029353E7F0060CADE /* Onboarding */,
				3217A7C529353F2F0060CADE /* PostViewController.swift */,
				3217A7C729353F4F0060CADE /* EditProfileViewController.swift */,
				3217A7C929353F5E0060CADE /* SettingsViewController.swift */,
				3217A7CB29353F840060CADE /* ListViewController.swift */,
				3217A7CD29353FA70060CADE /* SearchViewController.swift */,
				3217A7CF29353FCB0060CADE /* SearchResultViewController.swift */,
				3217A7D1293540370060CADE /* PostEditorViewController.swift */,
				3217A7D3293540560060CADE /* PublishPostViewController.swift */,
			);
			path = Other;
			sourceTree = "<group>";
		};
		3217A7C029353E7F0060CADE /* Onboarding */ = {
			isa = PBXGroup;
			children = (
				3217A7C129353E950060CADE /* LoginViewController.swift */,
				3217A7C329353EA20060CADE /* RegistrationViewController.swift */,
			);
			path = Onboarding;
			sourceTree = "<group>";
		};
/* End PBXGroup section */

/* Begin PBXNativeTarget section */
		3217A77D293539270060CADE /* InstagramClone */ = {
			isa = PBXNativeTarget;
			buildConfigurationList = 3217A7A82935392A0060CADE /* Build configuration list for PBXNativeTarget "InstagramClone" */;
			buildPhases = (
				3217A77A293539270060CADE /* Sources */,
				3217A77B293539270060CADE /* Frameworks */,
				3217A77C293539270060CADE /* Resources */,
			);
			buildRules = (
			);
			dependencies = (
			);
			name = InstagramClone;
			productName = InstagramClone;
			productReference = 3217A77E293539270060CADE /* InstagramClone.app */;
			productType = "com.apple.product-type.application";
		};
		3217A7932935392A0060CADE /* InstagramCloneTests */ = {
			isa = PBXNativeTarget;
			buildConfigurationList = 3217A7AB2935392A0060CADE /* Build configuration list for PBXNativeTarget "InstagramCloneTests" */;
			buildPhases = (
				3217A7902935392A0060CADE /* Sources */,
				3217A7912935392A0060CADE /* Frameworks */,
				3217A7922935392A0060CADE /* Resources */,
			);
			buildRules = (
			);
			dependencies = (
				3217A7962935392A0060CADE /* PBXTargetDependency */,
			);
			name = InstagramCloneTests;
			productName = InstagramCloneTests;
			productReference = 3217A7942935392A0060CADE /* InstagramCloneTests.xctest */;
			productType = "com.apple.product-type.bundle.unit-test";
		};
		3217A79D2935392A0060CADE /* InstagramCloneUITests */ = {
			isa = PBXNativeTarget;
			buildConfigurationList = 3217A7AE2935392A0060CADE /* Build configuration list for PBXNativeTarget "InstagramCloneUITests" */;
			buildPhases = (
				3217A79A2935392A0060CADE /* Sources */,
				3217A79B2935392A0060CADE /* Frameworks */,
				3217A79C2935392A0060CADE /* Resources */,
			);
			buildRules = (
			);
			dependencies = (
				3217A7A02935392A0060CADE /* PBXTargetDependency */,
			);
			name = InstagramCloneUITests;
			productName = InstagramCloneUITests;
			productReference = 3217A79E2935392A0060CADE /* InstagramCloneUITests.xctest */;
			productType = "com.apple.product-type.bundle.ui-testing";
		};
/* End PBXNativeTarget section */

/* Begin PBXProject section */
		3217A776293539270060CADE /* Project object */ = {
			isa = PBXProject;
			attributes = {
				BuildIndependentTargetsInParallel = 1;
				LastSwiftUpdateCheck = 1340;
				LastUpgradeCheck = 1340;
				TargetAttributes = {
					3217A77D293539270060CADE = {
						CreatedOnToolsVersion = 13.4;
					};
					3217A7932935392A0060CADE = {
						CreatedOnToolsVersion = 13.4;
						TestTargetID = 3217A77D293539270060CADE;
					};
					3217A79D2935392A0060CADE = {
						CreatedOnToolsVersion = 13.4;
						TestTargetID = 3217A77D293539270060CADE;
					};
				};
			};
			buildConfigurationList = 3217A779293539270060CADE /* Build configuration list for PBXProject "InstagramClone" */;
			compatibilityVersion = "Xcode 13.0";
			developmentRegion = en;
			hasScannedForEncodings = 0;
			knownRegions = (
				en,
				Base,
			);
			mainGroup = 3217A775293539270060CADE;
			productRefGroup = 3217A77F293539270060CADE /* Products */;
			projectDirPath = "";
			projectRoot = "";
			targets = (
				3217A77D293539270060CADE /* InstagramClone */,
				3217A7932935392A0060CADE /* InstagramCloneTests */,
				3217A79D2935392A0060CADE /* InstagramCloneUITests */,
			);
		};
/* End PBXProject section */

/* Begin PBXResourcesBuildPhase section */
		3217A77C293539270060CADE /* Resources */ = {
			isa = PBXResourcesBuildPhase;
			buildActionMask = 2147483647;
			files = (
				3217A78E293539290060CADE /* LaunchScreen.storyboard in Resources */,
				3217A78B293539290060CADE /* Assets.xcassets in Resources */,
				3217A789293539270060CADE /* Main.storyboard in Resources */,
			);
			runOnlyForDeploymentPostprocessing = 0;
		};
		3217A7922935392A0060CADE /* Resources */ = {
			isa = PBXResourcesBuildPhase;
			buildActionMask = 2147483647;
			files = (
			);
			runOnlyForDeploymentPostprocessing = 0;
		};
		3217A79C2935392A0060CADE /* Resources */ = {
			isa = PBXResourcesBuildPhase;
			buildActionMask = 2147483647;
			files = (
			);
			runOnlyForDeploymentPostprocessing = 0;
		};
/* End PBXResourcesBuildPhase section */

/* Begin PBXSourcesBuildPhase section */
		3217A77A293539270060CADE /* Sources */ = {
			isa = PBXSourcesBuildPhase;
			buildActionMask = 2147483647;
			files = (
				3217A7C829353F4F0060CADE /* EditProfileViewController.swift in Sources */,
				3217A7B729353AF80060CADE /* ExploreViewController.swift in Sources */,
				3217A7D4293540560060CADE /* PublishPostViewController.swift in Sources */,
				3217A7B929353B060060CADE /* CameraViewController.swift in Sources */,
				3217A786293539270060CADE /* HomeViewController.swift in Sources */,
				3217A7C429353EA20060CADE /* RegistrationViewController.swift in Sources */,
				3217A7D2293540370060CADE /* PostEditorViewController.swift in Sources */,
				3217A7C629353F2F0060CADE /* PostViewController.swift in Sources */,
				3217A7BB29353D2D0060CADE /* NotificationsViewController.swift in Sources */,
				3217A7D029353FCB0060CADE /* SearchResultViewController.swift in Sources */,
				3217A7C229353E950060CADE /* LoginViewController.swift in Sources */,
				3217A7CE29353FA70060CADE /* SearchViewController.swift in Sources */,
				3217A7BD29353D440060CADE /* ProfileViewController.swift in Sources */,
				3217A782293539270060CADE /* AppDelegate.swift in Sources */,
				3217A784293539270060CADE /* SceneDelegate.swift in Sources */,
				3217A7CC29353F840060CADE /* ListViewController.swift in Sources */,
				3217A7CA29353F5E0060CADE /* SettingsViewController.swift in Sources */,
			);
			runOnlyForDeploymentPostprocessing = 0;
		};
		3217A7902935392A0060CADE /* Sources */ = {
			isa = PBXSourcesBuildPhase;
			buildActionMask = 2147483647;
			files = (
				3217A7992935392A0060CADE /* InstagramCloneTests.swift in Sources */,
			);
			runOnlyForDeploymentPostprocessing = 0;
		};
		3217A79A2935392A0060CADE /* Sources */ = {
			isa = PBXSourcesBuildPhase;
			buildActionMask = 2147483647;
			files = (
				3217A7A32935392A0060CADE /* InstagramCloneUITests.swift in Sources */,
				3217A7A52935392A0060CADE /* InstagramCloneUITestsLaunchTests.swift in Sources */,
			);
			runOnlyForDeploymentPostprocessing = 0;
		};
/* End PBXSourcesBuildPhase section */

/* Begin PBXTargetDependency section */
		3217A7962935392A0060CADE /* PBXTargetDependency */ = {
			isa = PBXTargetDependency;
			target = 3217A77D293539270060CADE /* InstagramClone */;
			targetProxy = 3217A7952935392A0060CADE /* PBXContainerItemProxy */;
		};
		3217A7A02935392A0060CADE /* PBXTargetDependency */ = {
			isa = PBXTargetDependency;
			target = 3217A77D293539270060CADE /* InstagramClone */;
			targetProxy = 3217A79F2935392A0060CADE /* PBXContainerItemProxy */;
		};
/* End PBXTargetDependency section */

/* Begin PBXVariantGroup section */
		3217A787293539270060CADE /* Main.storyboard */ = {
			isa = PBXVariantGroup;
			children = (
				3217A788293539270060CADE /* Base */,
			);
			name = Main.storyboard;
			sourceTree = "<group>";
		};
		3217A78C293539290060CADE /* LaunchScreen.storyboard */ = {
			isa = PBXVariantGroup;
			children = (
				3217A78D293539290060CADE /* Base */,
			);
			name = LaunchScreen.storyboard;
			sourceTree = "<group>";
		};
/* End PBXVariantGroup section */

/* Begin XCBuildConfiguration section */
		3217A7A62935392A0060CADE /* Debug */ = {
			isa = XCBuildConfiguration;
			buildSettings = {
				ALWAYS_SEARCH_USER_PATHS = NO;
				CLANG_ANALYZER_NONNULL = YES;
				CLANG_ANALYZER_NUMBER_OBJECT_CONVERSION = YES_AGGRESSIVE;
				CLANG_CXX_LANGUAGE_STANDARD = "gnu++17";
				CLANG_ENABLE_MODULES = YES;
				CLANG_ENABLE_OBJC_ARC = YES;
				CLANG_ENABLE_OBJC_WEAK = YES;
				CLANG_WARN_BLOCK_CAPTURE_AUTORELEASING = YES;
				CLANG_WARN_BOOL_CONVERSION = YES;
				CLANG_WARN_COMMA = YES;
				CLANG_WARN_CONSTANT_CONVERSION = YES;
				CLANG_WARN_DEPRECATED_OBJC_IMPLEMENTATIONS = YES;
				CLANG_WARN_DIRECT_OBJC_ISA_USAGE = YES_ERROR;
				CLANG_WARN_DOCUMENTATION_COMMENTS = YES;
				CLANG_WARN_EMPTY_BODY = YES;
				CLANG_WARN_ENUM_CONVERSION = YES;
				CLANG_WARN_INFINITE_RECURSION = YES;
				CLANG_WARN_INT_CONVERSION = YES;
				CLANG_WARN_NON_LITERAL_NULL_CONVERSION = YES;
				CLANG_WARN_OBJC_IMPLICIT_RETAIN_SELF = YES;
				CLANG_WARN_OBJC_LITERAL_CONVERSION = YES;
				CLANG_WARN_OBJC_ROOT_CLASS = YES_ERROR;
				CLANG_WARN_QUOTED_INCLUDE_IN_FRAMEWORK_HEADER = YES;
				CLANG_WARN_RANGE_LOOP_ANALYSIS = YES;
				CLANG_WARN_STRICT_PROTOTYPES = YES;
				CLANG_WARN_SUSPICIOUS_MOVE = YES;
				CLANG_WARN_UNGUARDED_AVAILABILITY = YES_AGGRESSIVE;
				CLANG_WARN_UNREACHABLE_CODE = YES;
				CLANG_WARN__DUPLICATE_METHOD_MATCH = YES;
				COPY_PHASE_STRIP = NO;
				DEBUG_INFORMATION_FORMAT = dwarf;
				ENABLE_STRICT_OBJC_MSGSEND = YES;
				ENABLE_TESTABILITY = YES;
				GCC_C_LANGUAGE_STANDARD = gnu11;
				GCC_DYNAMIC_NO_PIC = NO;
				GCC_NO_COMMON_BLOCKS = YES;
				GCC_OPTIMIZATION_LEVEL = 0;
				GCC_PREPROCESSOR_DEFINITIONS = (
					"DEBUG=1",
					"$(inherited)",
				);
				GCC_WARN_64_TO_32_BIT_CONVERSION = YES;
				GCC_WARN_ABOUT_RETURN_TYPE = YES_ERROR;
				GCC_WARN_UNDECLARED_SELECTOR = YES;
				GCC_WARN_UNINITIALIZED_AUTOS = YES_AGGRESSIVE;
				GCC_WARN_UNUSED_FUNCTION = YES;
				GCC_WARN_UNUSED_VARIABLE = YES;
				IPHONEOS_DEPLOYMENT_TARGET = 15.5;
				MTL_ENABLE_DEBUG_INFO = INCLUDE_SOURCE;
				MTL_FAST_MATH = YES;
				ONLY_ACTIVE_ARCH = YES;
				SDKROOT = iphoneos;
				SWIFT_ACTIVE_COMPILATION_CONDITIONS = DEBUG;
				SWIFT_OPTIMIZATION_LEVEL = "-Onone";
			};
			name = Debug;
		};
		3217A7A72935392A0060CADE /* Release */ = {
			isa = XCBuildConfiguration;
			buildSettings = {
				ALWAYS_SEARCH_USER_PATHS = NO;
				CLANG_ANALYZER_NONNULL = YES;
				CLANG_ANALYZER_NUMBER_OBJECT_CONVERSION = YES_AGGRESSIVE;
				CLANG_CXX_LANGUAGE_STANDARD = "gnu++17";
				CLANG_ENABLE_MODULES = YES;
				CLANG_ENABLE_OBJC_ARC = YES;
				CLANG_ENABLE_OBJC_WEAK = YES;
				CLANG_WARN_BLOCK_CAPTURE_AUTORELEASING = YES;
				CLANG_WARN_BOOL_CONVERSION = YES;
				CLANG_WARN_COMMA = YES;
				CLANG_WARN_CONSTANT_CONVERSION = YES;
				CLANG_WARN_DEPRECATED_OBJC_IMPLEMENTATIONS = YES;
				CLANG_WARN_DIRECT_OBJC_ISA_USAGE = YES_ERROR;
				CLANG_WARN_DOCUMENTATION_COMMENTS = YES;
				CLANG_WARN_EMPTY_BODY = YES;
				CLANG_WARN_ENUM_CONVERSION = YES;
				CLANG_WARN_INFINITE_RECURSION = YES;
				CLANG_WARN_INT_CONVERSION = YES;
				CLANG_WARN_NON_LITERAL_NULL_CONVERSION = YES;
				CLANG_WARN_OBJC_IMPLICIT_RETAIN_SELF = YES;
				CLANG_WARN_OBJC_LITERAL_CONVERSION = YES;
				CLANG_WARN_OBJC_ROOT_CLASS = YES_ERROR;
				CLANG_WARN_QUOTED_INCLUDE_IN_FRAMEWORK_HEADER = YES;
				CLANG_WARN_RANGE_LOOP_ANALYSIS = YES;
				CLANG_WARN_STRICT_PROTOTYPES = YES;
				CLANG_WARN_SUSPICIOUS_MOVE = YES;
				CLANG_WARN_UNGUARDED_AVAILABILITY = YES_AGGRESSIVE;
				CLANG_WARN_UNREACHABLE_CODE = YES;
				CLANG_WARN__DUPLICATE_METHOD_MATCH = YES;
				COPY_PHASE_STRIP = NO;
				DEBUG_INFORMATION_FORMAT = "dwarf-with-dsym";
				ENABLE_NS_ASSERTIONS = NO;
				ENABLE_STRICT_OBJC_MSGSEND = YES;
				GCC_C_LANGUAGE_STANDARD = gnu11;
				GCC_NO_COMMON_BLOCKS = YES;
				GCC_WARN_64_TO_32_BIT_CONVERSION = YES;
				GCC_WARN_ABOUT_RETURN_TYPE = YES_ERROR;
				GCC_WARN_UNDECLARED_SELECTOR = YES;
				GCC_WARN_UNINITIALIZED_AUTOS = YES_AGGRESSIVE;
				GCC_WARN_UNUSED_FUNCTION = YES;
				GCC_WARN_UNUSED_VARIABLE = YES;
				IPHONEOS_DEPLOYMENT_TARGET = 15.5;
				MTL_ENABLE_DEBUG_INFO = NO;
				MTL_FAST_MATH = YES;
				SDKROOT = iphoneos;
				SWIFT_COMPILATION_MODE = wholemodule;
				SWIFT_OPTIMIZATION_LEVEL = "-O";
				VALIDATE_PRODUCT = YES;
			};
			name = Release;
		};
		3217A7A92935392A0060CADE /* Debug */ = {
			isa = XCBuildConfiguration;
			buildSettings = {
				ASSETCATALOG_COMPILER_APPICON_NAME = AppIcon;
				ASSETCATALOG_COMPILER_GLOBAL_ACCENT_COLOR_NAME = AccentColor;
				CODE_SIGN_STYLE = Automatic;
				CURRENT_PROJECT_VERSION = 1;
				DEVELOPMENT_TEAM = 97U9G4FC62;
				GENERATE_INFOPLIST_FILE = YES;
				INFOPLIST_FILE = InstagramClone/Info.plist;
				INFOPLIST_KEY_UIApplicationSupportsIndirectInputEvents = YES;
				INFOPLIST_KEY_UILaunchStoryboardName = LaunchScreen;
				INFOPLIST_KEY_UIMainStoryboardFile = Main;
				INFOPLIST_KEY_UISupportedInterfaceOrientations_iPad = "UIInterfaceOrientationPortrait UIInterfaceOrientationPortraitUpsideDown UIInterfaceOrientationLandscapeLeft UIInterfaceOrientationLandscapeRight";
				INFOPLIST_KEY_UISupportedInterfaceOrientations_iPhone = "UIInterfaceOrientationPortrait UIInterfaceOrientationLandscapeLeft UIInterfaceOrientationLandscapeRight";
				LD_RUNPATH_SEARCH_PATHS = (
					"$(inherited)",
					"@executable_path/Frameworks",
				);
				MARKETING_VERSION = 1.0;
				PRODUCT_BUNDLE_IDENTIFIER = com.aditya.InstagramClone;
				PRODUCT_NAME = "$(TARGET_NAME)";
				SWIFT_EMIT_LOC_STRINGS = YES;
				SWIFT_VERSION = 5.0;
				TARGETED_DEVICE_FAMILY = "1,2";
			};
			name = Debug;
		};
		3217A7AA2935392A0060CADE /* Release */ = {
			isa = XCBuildConfiguration;
			buildSettings = {
				ASSETCATALOG_COMPILER_APPICON_NAME = AppIcon;
				ASSETCATALOG_COMPILER_GLOBAL_ACCENT_COLOR_NAME = AccentColor;
				CODE_SIGN_STYLE = Automatic;
				CURRENT_PROJECT_VERSION = 1;
				DEVELOPMENT_TEAM = 97U9G4FC62;
				GENERATE_INFOPLIST_FILE = YES;
				INFOPLIST_FILE = InstagramClone/Info.plist;
				INFOPLIST_KEY_UIApplicationSupportsIndirectInputEvents = YES;
				INFOPLIST_KEY_UILaunchStoryboardName = LaunchScreen;
				INFOPLIST_KEY_UIMainStoryboardFile = Main;
				INFOPLIST_KEY_UISupportedInterfaceOrientations_iPad = "UIInterfaceOrientationPortrait UIInterfaceOrientationPortraitUpsideDown UIInterfaceOrientationLandscapeLeft UIInterfaceOrientationLandscapeRight";
				INFOPLIST_KEY_UISupportedInterfaceOrientations_iPhone = "UIInterfaceOrientationPortrait UIInterfaceOrientationLandscapeLeft UIInterfaceOrientationLandscapeRight";
				LD_RUNPATH_SEARCH_PATHS = (
					"$(inherited)",
					"@executable_path/Frameworks",
				);
				MARKETING_VERSION = 1.0;
				PRODUCT_BUNDLE_IDENTIFIER = com.aditya.InstagramClone;
				PRODUCT_NAME = "$(TARGET_NAME)";
				SWIFT_EMIT_LOC_STRINGS = YES;
				SWIFT_VERSION = 5.0;
				TARGETED_DEVICE_FAMILY = "1,2";
			};
			name = Release;
		};
		3217A7AC2935392A0060CADE /* Debug */ = {
			isa = XCBuildConfiguration;
			buildSettings = {
				ALWAYS_EMBED_SWIFT_STANDARD_LIBRARIES = YES;
				BUNDLE_LOADER = "$(TEST_HOST)";
				CODE_SIGN_STYLE = Automatic;
				CURRENT_PROJECT_VERSION = 1;
				DEVELOPMENT_TEAM = 97U9G4FC62;
				GENERATE_INFOPLIST_FILE = YES;
				IPHONEOS_DEPLOYMENT_TARGET = 15.5;
				MARKETING_VERSION = 1.0;
				PRODUCT_BUNDLE_IDENTIFIER = com.aditya.InstagramCloneTests;
				PRODUCT_NAME = "$(TARGET_NAME)";
				SWIFT_EMIT_LOC_STRINGS = NO;
				SWIFT_VERSION = 5.0;
				TARGETED_DEVICE_FAMILY = "1,2";
				TEST_HOST = "$(BUILT_PRODUCTS_DIR)/InstagramClone.app/InstagramClone";
			};
			name = Debug;
		};
		3217A7AD2935392A0060CADE /* Release */ = {
			isa = XCBuildConfiguration;
			buildSettings = {
				ALWAYS_EMBED_SWIFT_STANDARD_LIBRARIES = YES;
				BUNDLE_LOADER = "$(TEST_HOST)";
				CODE_SIGN_STYLE = Automatic;
				CURRENT_PROJECT_VERSION = 1;
				DEVELOPMENT_TEAM = 97U9G4FC62;
				GENERATE_INFOPLIST_FILE = YES;
				IPHONEOS_DEPLOYMENT_TARGET = 15.5;
				MARKETING_VERSION = 1.0;
				PRODUCT_BUNDLE_IDENTIFIER = com.aditya.InstagramCloneTests;
				PRODUCT_NAME = "$(TARGET_NAME)";
				SWIFT_EMIT_LOC_STRINGS = NO;
				SWIFT_VERSION = 5.0;
				TARGETED_DEVICE_FAMILY = "1,2";
				TEST_HOST = "$(BUILT_PRODUCTS_DIR)/InstagramClone.app/InstagramClone";
			};
			name = Release;
		};
		3217A7AF2935392A0060CADE /* Debug */ = {
			isa = XCBuildConfiguration;
			buildSettings = {
				ALWAYS_EMBED_SWIFT_STANDARD_LIBRARIES = YES;
				CODE_SIGN_STYLE = Automatic;
				CURRENT_PROJECT_VERSION = 1;
				DEVELOPMENT_TEAM = 97U9G4FC62;
				GENERATE_INFOPLIST_FILE = YES;
				MARKETING_VERSION = 1.0;
				PRODUCT_BUNDLE_IDENTIFIER = com.aditya.InstagramCloneUITests;
				PRODUCT_NAME = "$(TARGET_NAME)";
				SWIFT_EMIT_LOC_STRINGS = NO;
				SWIFT_VERSION = 5.0;
				TARGETED_DEVICE_FAMILY = "1,2";
				TEST_TARGET_NAME = InstagramClone;
			};
			name = Debug;
		};
		3217A7B02935392A0060CADE /* Release */ = {
			isa = XCBuildConfiguration;
			buildSettings = {
				ALWAYS_EMBED_SWIFT_STANDARD_LIBRARIES = YES;
				CODE_SIGN_STYLE = Automatic;
				CURRENT_PROJECT_VERSION = 1;
				DEVELOPMENT_TEAM = 97U9G4FC62;
				GENERATE_INFOPLIST_FILE = YES;
				MARKETING_VERSION = 1.0;
				PRODUCT_BUNDLE_IDENTIFIER = com.aditya.InstagramCloneUITests;
				PRODUCT_NAME = "$(TARGET_NAME)";
				SWIFT_EMIT_LOC_STRINGS = NO;
				SWIFT_VERSION = 5.0;
				TARGETED_DEVICE_FAMILY = "1,2";
				TEST_TARGET_NAME = InstagramClone;
			};
			name = Release;
		};
/* End XCBuildConfiguration section */

/* Begin XCConfigurationList section */
		3217A779293539270060CADE /* Build configuration list for PBXProject "InstagramClone" */ = {
			isa = XCConfigurationList;
			buildConfigurations = (
				3217A7A62935392A0060CADE /* Debug */,
				3217A7A72935392A0060CADE /* Release */,
			);
			defaultConfigurationIsVisible = 0;
			defaultConfigurationName = Release;
		};
		3217A7A82935392A0060CADE /* Build configuration list for PBXNativeTarget "InstagramClone" */ = {
			isa = XCConfigurationList;
			buildConfigurations = (
				3217A7A92935392A0060CADE /* Debug */,
				3217A7AA2935392A0060CADE /* Release */,
			);
			defaultConfigurationIsVisible = 0;
			defaultConfigurationName = Release;
		};
		3217A7AB2935392A0060CADE /* Build configuration list for PBXNativeTarget "InstagramCloneTests" */ = {
			isa = XCConfigurationList;
			buildConfigurations = (
				3217A7AC2935392A0060CADE /* Debug */,
				3217A7AD2935392A0060CADE /* Release */,
			);
			defaultConfigurationIsVisible = 0;
			defaultConfigurationName = Release;
		};
		3217A7AE2935392A0060CADE /* Build configuration list for PBXNativeTarget "InstagramCloneUITests" */ = {
			isa = XCConfigurationList;
			buildConfigurations = (
				3217A7AF2935392A0060CADE /* Debug */,
				3217A7B02935392A0060CADE /* Release */,
			);
			defaultConfigurationIsVisible = 0;
			defaultConfigurationName = Release;
		};
/* End XCConfigurationList section */
	};
	rootObject = 3217A776293539270060CADE /* Project object */;
}
